// !$*UTF8*$!
{
	archiveVersion = 1;
	classes = {
	};
	objectVersion = 46;
	objects = {

/* Begin PBXBuildFile section */
		71494EED1C6DF1D300DE9E41 /* PhotosApp.swift in Sources */ = {isa = PBXBuildFile; fileRef = 71494EEC1C6DF1D300DE9E41 /* PhotosApp.swift */; };
		71494EEF1C6DFBED00DE9E41 /* PhotoTableViewCell.swift in Sources */ = {isa = PBXBuildFile; fileRef = 71494EEE1C6DFBED00DE9E41 /* PhotoTableViewCell.swift */; };
		71494EF11C6E0CC200DE9E41 /* Photo.swift in Sources */ = {isa = PBXBuildFile; fileRef = 71494EF01C6E0CC200DE9E41 /* Photo.swift */; };
		71494EF31C6E102B00DE9E41 /* PhotoDetailsViewController.swift in Sources */ = {isa = PBXBuildFile; fileRef = 71494EF21C6E102B00DE9E41 /* PhotoDetailsViewController.swift */; };
		71E9AB0B1C6DEAA70045A671 /* AppDelegate.swift in Sources */ = {isa = PBXBuildFile; fileRef = 71E9AB0A1C6DEAA70045A671 /* AppDelegate.swift */; };
		71E9AB0D1C6DEAA70045A671 /* PhotosViewController.swift in Sources */ = {isa = PBXBuildFile; fileRef = 71E9AB0C1C6DEAA70045A671 /* PhotosViewController.swift */; };
		71E9AB101C6DEAA70045A671 /* Main.storyboard in Resources */ = {isa = PBXBuildFile; fileRef = 71E9AB0E1C6DEAA70045A671 /* Main.storyboard */; };
		71E9AB121C6DEAA70045A671 /* Assets.xcassets in Resources */ = {isa = PBXBuildFile; fileRef = 71E9AB111C6DEAA70045A671 /* Assets.xcassets */; };
		71E9AB151C6DEAA70045A671 /* LaunchScreen.storyboard in Resources */ = {isa = PBXBuildFile; fileRef = 71E9AB131C6DEAA70045A671 /* LaunchScreen.storyboard */; };
		ED769F10603C622E3187157A /* Pods_Instagram.framework in Frameworks */ = {isa = PBXBuildFile; fileRef = 9EC6AA49C4B37DF8F5AF0689 /* Pods_Instagram.framework */; };
/* End PBXBuildFile section */

/* Begin PBXFileReference section */
		3934A5E940C1EFAD1C9B2C81 /* Pods-Instagram.release.xcconfig */ = {isa = PBXFileReference; includeInIndex = 1; lastKnownFileType = text.xcconfig; name = "Pods-Instagram.release.xcconfig"; path = "Pods/Target Support Files/Pods-Instagram/Pods-Instagram.release.xcconfig"; sourceTree = "<group>"; };
		71494EEC1C6DF1D300DE9E41 /* PhotosApp.swift */ = {isa = PBXFileReference; fileEncoding = 4; lastKnownFileType = sourcecode.swift; path = PhotosApp.swift; sourceTree = "<group>"; };
		71494EEE1C6DFBED00DE9E41 /* PhotoTableViewCell.swift */ = {isa = PBXFileReference; fileEncoding = 4; lastKnownFileType = sourcecode.swift; path = PhotoTableViewCell.swift; sourceTree = "<group>"; };
		71494EF01C6E0CC200DE9E41 /* Photo.swift */ = {isa = PBXFileReference; fileEncoding = 4; lastKnownFileType = sourcecode.swift; path = Photo.swift; sourceTree = "<group>"; };
		71494EF21C6E102B00DE9E41 /* PhotoDetailsViewController.swift */ = {isa = PBXFileReference; fileEncoding = 4; lastKnownFileType = sourcecode.swift; path = PhotoDetailsViewController.swift; sourceTree = "<group>"; };
		71E9AB071C6DEAA70045A671 /* Instagram.app */ = {isa = PBXFileReference; explicitFileType = wrapper.application; includeInIndex = 0; path = Instagram.app; sourceTree = BUILT_PRODUCTS_DIR; };
		71E9AB0A1C6DEAA70045A671 /* AppDelegate.swift */ = {isa = PBXFileReference; lastKnownFileType = sourcecode.swift; path = AppDelegate.swift; sourceTree = "<group>"; };
		71E9AB0C1C6DEAA70045A671 /* PhotosViewController.swift */ = {isa = PBXFileReference; lastKnownFileType = sourcecode.swift; path = PhotosViewController.swift; sourceTree = "<group>"; };
		71E9AB0F1C6DEAA70045A671 /* Base */ = {isa = PBXFileReference; lastKnownFileType = file.storyboard; name = Base; path = Base.lproj/Main.storyboard; sourceTree = "<group>"; };
		71E9AB111C6DEAA70045A671 /* Assets.xcassets */ = {isa = PBXFileReference; lastKnownFileType = folder.assetcatalog; path = Assets.xcassets; sourceTree = "<group>"; };
		71E9AB141C6DEAA70045A671 /* Base */ = {isa = PBXFileReference; lastKnownFileType = file.storyboard; name = Base; path = Base.lproj/LaunchScreen.storyboard; sourceTree = "<group>"; };
		71E9AB161C6DEAA70045A671 /* Info.plist */ = {isa = PBXFileReference; lastKnownFileType = text.plist.xml; path = Info.plist; sourceTree = "<group>"; };
		9EC6AA49C4B37DF8F5AF0689 /* Pods_Instagram.framework */ = {isa = PBXFileReference; explicitFileType = wrapper.framework; includeInIndex = 0; path = Pods_Instagram.framework; sourceTree = BUILT_PRODUCTS_DIR; };
		BEA1F0C93452BCC316DE1667 /* Pods-Instagram.debug.xcconfig */ = {isa = PBXFileReference; includeInIndex = 1; lastKnownFileType = text.xcconfig; name = "Pods-Instagram.debug.xcconfig"; path = "Pods/Target Support Files/Pods-Instagram/Pods-Instagram.debug.xcconfig"; sourceTree = "<group>"; };
/* End PBXFileReference section */

/* Begin PBXFrameworksBuildPhase section */
		71E9AB041C6DEAA70045A671 /* Frameworks */ = {
			isa = PBXFrameworksBuildPhase;
			buildActionMask = 2147483647;
			files = (
				ED769F10603C622E3187157A /* Pods_Instagram.framework in Frameworks */,
			);
			runOnlyForDeploymentPostprocessing = 0;
		};
/* End PBXFrameworksBuildPhase section */

/* Begin PBXGroup section */
		59B8EB09C151E7DB01B73980 /* Pods */ = {
			isa = PBXGroup;
			children = (
				BEA1F0C93452BCC316DE1667 /* Pods-Instagram.debug.xcconfig */,
				3934A5E940C1EFAD1C9B2C81 /* Pods-Instagram.release.xcconfig */,
			);
			name = Pods;
			sourceTree = "<group>";
		};
		5D763CF286C6C010B83E9052 /* Frameworks */ = {
			isa = PBXGroup;
			children = (
				9EC6AA49C4B37DF8F5AF0689 /* Pods_Instagram.framework */,
			);
			name = Frameworks;
			sourceTree = "<group>";
		};
		71E9AAFE1C6DEAA70045A671 = {
			isa = PBXGroup;
			children = (
				71E9AB091C6DEAA70045A671 /* Instagram */,
				71E9AB081C6DEAA70045A671 /* Products */,
				59B8EB09C151E7DB01B73980 /* Pods */,
				5D763CF286C6C010B83E9052 /* Frameworks */,
			);
			sourceTree = "<group>";
		};
		71E9AB081C6DEAA70045A671 /* Products */ = {
			isa = PBXGroup;
			children = (
				71E9AB071C6DEAA70045A671 /* Instagram.app */,
			);
			name = Products;
			sourceTree = "<group>";
		};
		71E9AB091C6DEAA70045A671 /* Instagram */ = {
			isa = PBXGroup;
			children = (
				71E9AB0A1C6DEAA70045A671 /* AppDelegate.swift */,
				71E9AB0C1C6DEAA70045A671 /* PhotosViewController.swift */,
				71E9AB0E1C6DEAA70045A671 /* Main.storyboard */,
				71494EF21C6E102B00DE9E41 /* PhotoDetailsViewController.swift */,
				71E9AB111C6DEAA70045A671 /* Assets.xcassets */,
				71E9AB131C6DEAA70045A671 /* LaunchScreen.storyboard */,
				71E9AB161C6DEAA70045A671 /* Info.plist */,
				71494EEC1C6DF1D300DE9E41 /* PhotosApp.swift */,
				71494EEE1C6DFBED00DE9E41 /* PhotoTableViewCell.swift */,
				71494EF01C6E0CC200DE9E41 /* Photo.swift */,
			);
			path = Instagram;
			sourceTree = "<group>";
		};
/* End PBXGroup section */

/* Begin PBXNativeTarget section */
		71E9AB061C6DEAA70045A671 /* Instagram */ = {
			isa = PBXNativeTarget;
			buildConfigurationList = 71E9AB191C6DEAA70045A671 /* Build configuration list for PBXNativeTarget "Instagram" */;
			buildPhases = (
				7F574E603417D97AEE2ACE24 /* Check Pods Manifest.lock */,
				71E9AB031C6DEAA70045A671 /* Sources */,
				71E9AB041C6DEAA70045A671 /* Frameworks */,
				71E9AB051C6DEAA70045A671 /* Resources */,
				00BE89032865DB2D69CC0953 /* Embed Pods Frameworks */,
				FE5232273798B35E0FC1C95F /* Copy Pods Resources */,
			);
			buildRules = (
			);
			dependencies = (
			);
			name = Instagram;
			productName = Instagram;
			productReference = 71E9AB071C6DEAA70045A671 /* Instagram.app */;
			productType = "com.apple.product-type.application";
		};
/* End PBXNativeTarget section */

/* Begin PBXProject section */
		71E9AAFF1C6DEAA70045A671 /* Project object */ = {
			isa = PBXProject;
			attributes = {
				LastSwiftUpdateCheck = 0720;
				LastUpgradeCheck = 0720;
				ORGANIZATIONNAME = Lyft;
				TargetAttributes = {
					71E9AB061C6DEAA70045A671 = {
						CreatedOnToolsVersion = 7.2.1;
					};
				};
			};
			buildConfigurationList = 71E9AB021C6DEAA70045A671 /* Build configuration list for PBXProject "Instagram" */;
			compatibilityVersion = "Xcode 3.2";
			developmentRegion = English;
			hasScannedForEncodings = 0;
			knownRegions = (
				en,
				Base,
			);
			mainGroup = 71E9AAFE1C6DEAA70045A671;
			productRefGroup = 71E9AB081C6DEAA70045A671 /* Products */;
			projectDirPath = "";
			projectRoot = "";
			targets = (
				71E9AB061C6DEAA70045A671 /* Instagram */,
			);
		};
/* End PBXProject section */

/* Begin PBXResourcesBuildPhase section */
		71E9AB051C6DEAA70045A671 /* Resources */ = {
			isa = PBXResourcesBuildPhase;
			buildActionMask = 2147483647;
			files = (
				71E9AB151C6DEAA70045A671 /* LaunchScreen.storyboard in Resources */,
				71E9AB121C6DEAA70045A671 /* Assets.xcassets in Resources */,
				71E9AB101C6DEAA70045A671 /* Main.storyboard in Resources */,
			);
			runOnlyForDeploymentPostprocessing = 0;
		};
/* End PBXResourcesBuildPhase section */

/* Begin PBXShellScriptBuildPhase section */
		00BE89032865DB2D69CC0953 /* Embed Pods Frameworks */ = {
			isa = PBXShellScriptBuildPhase;
			buildActionMask = 2147483647;
			files = (
			);
			inputPaths = (
			);
			name = "Embed Pods Frameworks";
			outputPaths = (
			);
			runOnlyForDeploymentPostprocessing = 0;
			shellPath = /bin/sh;
			shellScript = "\"${SRCROOT}/Pods/Target Support Files/Pods-Instagram/Pods-Instagram-frameworks.sh\"\n";
			showEnvVarsInLog = 0;
		};
		7F574E603417D97AEE2ACE24 /* Check Pods Manifest.lock */ = {
			isa = PBXShellScriptBuildPhase;
			buildActionMask = 2147483647;
			files = (
			);
			inputPaths = (
			);
			name = "Check Pods Manifest.lock";
			outputPaths = (
			);
			runOnlyForDeploymentPostprocessing = 0;
			shellPath = /bin/sh;
			shellScript = "diff \"${PODS_ROOT}/../Podfile.lock\" \"${PODS_ROOT}/Manifest.lock\" > /dev/null\nif [[ $? != 0 ]] ; then\n    cat << EOM\nerror: The sandbox is not in sync with the Podfile.lock. Run 'pod install' or update your CocoaPods installation.\nEOM\n    exit 1\nfi\n";
			showEnvVarsInLog = 0;
		};
		FE5232273798B35E0FC1C95F /* Copy Pods Resources */ = {
			isa = PBXShellScriptBuildPhase;
			buildActionMask = 2147483647;
			files = (
			);
			inputPaths = (
			);
			name = "Copy Pods Resources";
			outputPaths = (
			);
			runOnlyForDeploymentPostprocessing = 0;
			shellPath = /bin/sh;
			shellScript = "\"${SRCROOT}/Pods/Target Support Files/Pods-Instagram/Pods-Instagram-resources.sh\"\n";
			showEnvVarsInLog = 0;
		};
/* End PBXShellScriptBuildPhase section */

/* Begin PBXSourcesBuildPhase section */
		71E9AB031C6DEAA70045A671 /* Sources */ = {
			isa = PBXSourcesBuildPhase;
			buildActionMask = 2147483647;
			files = (
				71494EEF1C6DFBED00DE9E41 /* PhotoTableViewCell.swift in Sources */,
				71494EED1C6DF1D300DE9E41 /* PhotosApp.swift in Sources */,
				71494EF31C6E102B00DE9E41 /* PhotoDetailsViewController.swift in Sources */,
				71E9AB0D1C6DEAA70045A671 /* PhotosViewController.swift in Sources */,
				71E9AB0B1C6DEAA70045A671 /* AppDelegate.swift in Sources */,
				71494EF11C6E0CC200DE9E41 /* Photo.swift in Sources */,
			);
			runOnlyForDeploymentPostprocessing = 0;
		};
/* End PBXSourcesBuildPhase section */

/* Begin PBXVariantGroup section */
		71E9AB0E1C6DEAA70045A671 /* Main.storyboard */ = {
			isa = PBXVariantGroup;
			children = (
				71E9AB0F1C6DEAA70045A671 /* Base */,
			);
			name = Main.storyboard;
			sourceTree = "<group>";
		};
		71E9AB131C6DEAA70045A671 /* LaunchScreen.storyboard */ = {
			isa = PBXVariantGroup;
			children = (
				71E9AB141C6DEAA70045A671 /* Base */,
			);
			name = LaunchScreen.storyboard;
			sourceTree = "<group>";
		};
/* End PBXVariantGroup section */

/* Begin XCBuildConfiguration section */
		71E9AB171C6DEAA70045A671 /* Debug */ = {
			isa = XCBuildConfiguration;
			buildSettings = {
				ALWAYS_SEARCH_USER_PATHS = NO;
				CLANG_CXX_LANGUAGE_STANDARD = "gnu++0x";
				CLANG_CXX_LIBRARY = "libc++";
				CLANG_ENABLE_MODULES = YES;
				CLANG_ENABLE_OBJC_ARC = YES;
				CLANG_WARN_BOOL_CONVERSION = YES;
				CLANG_WARN_CONSTANT_CONVERSION = YES;
				CLANG_WARN_DIRECT_OBJC_ISA_USAGE = YES_ERROR;
				CLANG_WARN_EMPTY_BODY = YES;
				CLANG_WARN_ENUM_CONVERSION = YES;
				CLANG_WARN_INT_CONVERSION = YES;
				CLANG_WARN_OBJC_ROOT_CLASS = YES_ERROR;
				CLANG_WARN_UNREACHABLE_CODE = YES;
				CLANG_WARN__DUPLICATE_METHOD_MATCH = YES;
				"CODE_SIGN_IDENTITY[sdk=iphoneos*]" = "iPhone Developer";
				COPY_PHASE_STRIP = NO;
				DEBUG_INFORMATION_FORMAT = dwarf;
				ENABLE_STRICT_OBJC_MSGSEND = YES;
				ENABLE_TESTABILITY = YES;
				GCC_C_LANGUAGE_STANDARD = gnu99;
				GCC_DYNAMIC_NO_PIC = NO;
				GCC_NO_COMMON_BLOCKS = YES;
				GCC_OPTIMIZATION_LEVEL = 0;
				GCC_PREPROCESSOR_DEFINITIONS = (
					"DEBUG=1",
					"$(inherited)",
				);
				GCC_WARN_64_TO_32_BIT_CONVERSION = YES;
				GCC_WARN_ABOUT_RETURN_TYPE = YES_ERROR;
				GCC_WARN_UNDECLARED_SELECTOR = YES;
				GCC_WARN_UNINITIALIZED_AUTOS = YES_AGGRESSIVE;
				GCC_WARN_UNUSED_FUNCTION = YES;
				GCC_WARN_UNUSED_VARIABLE = YES;
				IPHONEOS_DEPLOYMENT_TARGET = 9.2;
				MTL_ENABLE_DEBUG_INFO = YES;
				ONLY_ACTIVE_ARCH = YES;
				SDKROOT = iphoneos;
				SWIFT_OPTIMIZATION_LEVEL = "-Onone";
				TARGETED_DEVICE_FAMILY = "1,2";
			};
			name = Debug;
		};
		71E9AB181C6DEAA70045A671 /* Release */ = {
			isa = XCBuildConfiguration;
			buildSettings = {
				ALWAYS_SEARCH_USER_PATHS = NO;
				CLANG_CXX_LANGUAGE_STANDARD = "gnu++0x";
				CLANG_CXX_LIBRARY = "libc++";
				CLANG_ENABLE_MODULES = YES;
				CLANG_ENABLE_OBJC_ARC = YES;
				CLANG_WARN_BOOL_CONVERSION = YES;
				CLANG_WARN_CONSTANT_CONVERSION = YES;
				CLANG_WARN_DIRECT_OBJC_ISA_USAGE = YES_ERROR;
				CLANG_WARN_EMPTY_BODY = YES;
				CLANG_WARN_ENUM_CONVERSION = YES;
				CLANG_WARN_INT_CONVERSION = YES;
				CLANG_WARN_OBJC_ROOT_CLASS = YES_ERROR;
				CLANG_WARN_UNREACHABLE_CODE = YES;
				CLANG_WARN__DUPLICATE_METHOD_MATCH = YES;
				"CODE_SIGN_IDENTITY[sdk=iphoneos*]" = "iPhone Developer";
				COPY_PHASE_STRIP = NO;
				DEBUG_INFORMATION_FORMAT = "dwarf-with-dsym";
				ENABLE_NS_ASSERTIONS = NO;
				ENABLE_STRICT_OBJC_MSGSEND = YES;
				GCC_C_LANGUAGE_STANDARD = gnu99;
				GCC_NO_COMMON_BLOCKS = YES;
				GCC_WARN_64_TO_32_BIT_CONVERSION = YES;
				GCC_WARN_ABOUT_RETURN_TYPE = YES_ERROR;
				GCC_WARN_UNDECLARED_SELECTOR = YES;
				GCC_WARN_UNINITIALIZED_AUTOS = YES_AGGRESSIVE;
				GCC_WARN_UNUSED_FUNCTION = YES;
				GCC_WARN_UNUSED_VARIABLE = YES;
				IPHONEOS_DEPLOYMENT_TARGET = 9.2;
				MTL_ENABLE_DEBUG_INFO = NO;
				SDKROOT = iphoneos;
				TARGETED_DEVICE_FAMILY = "1,2";
				VALIDATE_PRODUCT = YES;
			};
			name = Release;
		};
		71E9AB1A1C6DEAA70045A671 /* Debug */ = {
			isa = XCBuildConfiguration;
			baseConfigurationReference = BEA1F0C93452BCC316DE1667 /* Pods-Instagram.debug.xcconfig */;
			buildSettings = {
				ASSETCATALOG_COMPILER_APPICON_NAME = AppIcon;
				INFOPLIST_FILE = Instagram/Info.plist;
				LD_RUNPATH_SEARCH_PATHS = "$(inherited) @executable_path/Frameworks";
				PRODUCT_BUNDLE_IDENTIFIER = com.lyft.Instagram;
				PRODUCT_NAME = "$(TARGET_NAME)";
			};
			name = Debug;
		};
		71E9AB1B1C6DEAA70045A671 /* Release */ = {
			isa = XCBuildConfiguration;
			baseConfigurationReference = 3934A5E940C1EFAD1C9B2C81 /* Pods-Instagram.release.xcconfig */;
			buildSettings = {
				ASSETCATALOG_COMPILER_APPICON_NAME = AppIcon;
				INFOPLIST_FILE = Instagram/Info.plist;
				LD_RUNPATH_SEARCH_PATHS = "$(inherited) @executable_path/Frameworks";
				PRODUCT_BUNDLE_IDENTIFIER = com.lyft.Instagram;
				PRODUCT_NAME = "$(TARGET_NAME)";
			};
			name = Release;
		};
/* End XCBuildConfiguration section */

/* Begin XCConfigurationList section */
		71E9AB021C6DEAA70045A671 /* Build configuration list for PBXProject "Instagram" */ = {
			isa = XCConfigurationList;
			buildConfigurations = (
				71E9AB171C6DEAA70045A671 /* Debug */,
				71E9AB181C6DEAA70045A671 /* Release */,
			);
			defaultConfigurationIsVisible = 0;
			defaultConfigurationName = Release;
		};
		71E9AB191C6DEAA70045A671 /* Build configuration list for PBXNativeTarget "Instagram" */ = {
			isa = XCConfigurationList;
			buildConfigurations = (
				71E9AB1A1C6DEAA70045A671 /* Debug */,
				71E9AB1B1C6DEAA70045A671 /* Release */,
			);
			defaultConfigurationIsVisible = 0;
			defaultConfigurationName = Release;
		};
/* End XCConfigurationList section */
	};
	rootObject = 71E9AAFF1C6DEAA70045A671 /* Project object */;
}
